dependencies:
- name: common
  repository: oci://registry-1.docker.io/bitnamicharts
  version: 2.41.0
- name: nectarlib
  repository: oci://registry.rc.nectar.org.au/nectar-helm
  version: 4.0.2
digest: sha256:5d714f070104eddfbbb7c71704f55184166c0f9ba39832bcd1ee00ef38e3db1e
generated: "2026-07-08T04:27:53.197630262Z"
