dependencies:
- name: common
  repository: oci://registry-1.docker.io/bitnamicharts
  version: 2.31.4
- name: nectarlib
  repository: oci://registry.rc.nectar.org.au/nectar-helm
  version: 3.2.0
digest: sha256:e70fca7a0849e04e9b589271f821c6576112cfbb2ba7551f34de43ab04d83097
generated: "2026-04-15T05:35:12.146858481Z"
